
Microsoft Visual Studio Solution File, Format Version 12.00
# Visual Studio 15
VisualStudioVersion = 15.0.28306.52
MinimumVisualStudioVersion = 10.0.40219.1
Project("{FAE04EC0-301F-11D3-BF4B-00C04F79EFBC}") = "GITNew", "GITNew\GITNew.csproj", "{5EB4E5F5-A2B9-4054-8C40-5D62150246AE}"
EndProject
Global
	GlobalSection(SolutionConfigurationPlatforms) = preSolution
		Debug|Any CPU = Debug|Any CPU
		Release|Any CPU = Release|Any CPU
	EndGlobalSection
	GlobalSection(ProjectConfigurationPlatforms) = postSolution
		{5EB4E5F5-A2B9-4054-8C40-5D62150246AE}.Debug|Any CPU.ActiveCfg = Debug|Any CPU
		{5EB4E5F5-A2B9-4054-8C40-5D62150246AE}.Debug|Any CPU.Build.0 = Debug|Any CPU
		{5EB4E5F5-A2B9-4054-8C40-5D62150246AE}.Release|Any CPU.ActiveCfg = Release|Any CPU
		{5EB4E5F5-A2B9-4054-8C40-5D62150246AE}.Release|Any CPU.Build.0 = Release|Any CPU
	EndGlobalSection
	GlobalSection(SolutionProperties) = preSolution
		HideSolutionNode = FALSE
	EndGlobalSection
	GlobalSection(ExtensibilityGlobals) = postSolution
		SolutionGuid = {C6D80756-CE64-44D6-8570-FE7EE09688B5}
	EndGlobalSection
EndGlobal
